
Microsoft Visual Studio Solution File, Format Version 12.00
# Visual Studio Version 17
VisualStudioVersion = 17.7.34202.233
MinimumVisualStudioVersion = 10.0.40219.1
Project("{FAE04EC0-301F-11D3-BF4B-00C04F79EFBC}") = "CalcApp", "CalcApp.csproj", "{B0C95EAC-8339-428A-A513-1AA400BF46BB}"
EndProject
Global
	GlobalSection(SolutionConfigurationPlatforms) = preSolution
		Debug|Any CPU = Debug|Any CPU
		Release|Any CPU = Release|Any CPU
	EndGlobalSection
	GlobalSection(ProjectConfigurationPlatforms) = postSolution
		{B0C95EAC-8339-428A-A513-1AA400BF46BB}.Debug|Any CPU.ActiveCfg = Debug|Any CPU
		{B0C95EAC-8339-428A-A513-1AA400BF46BB}.Debug|Any CPU.Build.0 = Debug|Any CPU
		{B0C95EAC-8339-428A-A513-1AA400BF46BB}.Release|Any CPU.ActiveCfg = Release|Any CPU
		{B0C95EAC-8339-428A-A513-1AA400BF46BB}.Release|Any CPU.Build.0 = Release|Any CPU
	EndGlobalSection
	GlobalSection(SolutionProperties) = preSolution
		HideSolutionNode = FALSE
	EndGlobalSection
	GlobalSection(ExtensibilityGlobals) = postSolution
		SolutionGuid = {B3BD5977-0841-4CF7-8EA4-A030CDF0545F}
	EndGlobalSection
EndGlobal
